<?xml version="1.0" encoding="utf-8"?>
<Project ToolsVersion="4.0" xmlns="http://schemas.microsoft.com/developer/msbuild/2003">
  <ItemGroup>
    <ClCompile Include="design.c" />
    <ClCompile Include="editingFiles.c" />
    <ClCompile Include="fileComparison.c" />
    <ClCompile Include="fileReading.c" />
    <ClCompile Include="fileSaving.c" />
    <ClCompile Include="main.c" />
    <ClCompile Include="questions.c" />
  </ItemGroup>
  <ItemGroup>
    <ClInclude Include="design.h" />
    <ClInclude Include="editingFiles.h" />
    <ClInclude Include="fileComparison.h" />
    <ClInclude Include="fileReading.h" />
    <ClInclude Include="fileSaving.h" />
    <ClInclude Include="questions.h" />
    <ClInclude Include="Structs&amp;Enums.h" />
  </ItemGroup>
  <ItemGroup>
    <Text Include="comedy_database.txt" />
    <Text Include="drama_database.txt" />
    <Text Include="Thriller_database.txt" />
    <Text Include="Science_fiction_database.txt" />
    <Text Include="Fantasy_database.txt" />
  </ItemGroup>
</Project>